{
  "lockfile_version": "1",
  "packages": {
    "caddy@latest": {
      "last_modified": "2025-03-11T17:52:14Z",
      "resolved": "github:NixOS/nixpkgs/0d534853a55b5d02a4ababa1d71921ce8f0aee4c#caddy",
      "source": "devbox-search",
      "version": "2.9.1",
      "systems": {
        "aarch64-darwin": {
          "outputs": [
            {
              "name": "out",
              "path": "/nix/store/b7jzvyiigc2cfa4jljk0kqb0z7m4cngg-caddy-2.9.1",
              "default": true
            }
          ],
          "store_path": "/nix/store/b7jzvyiigc2cfa4jljk0kqb0z7m4cngg-caddy-2.9.1"
        },
        "aarch64-linux": {
          "outputs": [
            {
              "name": "out",
              "path": "/nix/store/8iw9sy9p5752fkghacf4gc32hskbiis8-caddy-2.9.1",
              "default": true
            }
          ],
          "store_path": "/nix/store/8iw9sy9p5752fkghacf4gc32hskbiis8-caddy-2.9.1"
        },
        "x86_64-darwin": {
          "outputs": [
            {
              "name": "out",
              "path": "/nix/store/xnw5h4x4sz6xc0zn375nmpz4qijwkh6r-caddy-2.9.1",
              "default": true
            }
          ],
          "store_path": "/nix/store/xnw5h4x4sz6xc0zn375nmpz4qijwkh6r-caddy-2.9.1"
        },
        "x86_64-linux": {
          "outputs": [
            {
              "name": "out",
              "path": "/nix/store/d3pfmfj3syab6fqf3y707ap5x8akq6jq-caddy-2.9.1",
              "default": true
            }
          ],
          "store_path": "/nix/store/d3pfmfj3syab6fqf3y707ap5x8akq6jq-caddy-2.9.1"
        }
      }
    },
    "elmPackages.elm-format@latest": {
      "last_modified": "2025-03-11T17:52:14Z",
      "resolved": "github:NixOS/nixpkgs/0d534853a55b5d02a4ababa1d71921ce8f0aee4c#elmPackages.elm-format",
      "source": "devbox-search",
      "version": "0.8.7",
      "systems": {
        "aarch64-darwin": {
          "outputs": [
            {
              "name": "out",
              "path": "/nix/store/dy5wyikk7sgsb58qfm7f3sxdrnsmm4v3-elm-format-0.8.7",
              "default": true
            }
          ],
          "store_path": "/nix/store/dy5wyikk7sgsb58qfm7f3sxdrnsmm4v3-elm-format-0.8.7"
        },
        "aarch64-linux": {
          "outputs": [
            {
              "name": "out",
              "path": "/nix/store/5is2gkla1f4a2yfqlwg01was85afizav-elm-format-0.8.7",
              "default": true
            }
          ],
          "store_path": "/nix/store/5is2gkla1f4a2yfqlwg01was85afizav-elm-format-0.8.7"
        },
        "x86_64-darwin": {
          "outputs": [
            {
              "name": "out",
              "path": "/nix/store/1x48vz1lfaqlq3839q7gkq62wwg5yvy3-elm-format-0.8.7",
              "default": true
            }
          ],
          "store_path": "/nix/store/1x48vz1lfaqlq3839q7gkq62wwg5yvy3-elm-format-0.8.7"
        },
        "x86_64-linux": {
          "outputs": [
            {
              "name": "out",
              "path": "/nix/store/wjwqd8w38x5nrk0jx9mr52sc2c70zq0i-elm-format-0.8.7",
              "default": true
            }
          ],
          "store_path": "/nix/store/wjwqd8w38x5nrk0jx9mr52sc2c70zq0i-elm-format-0.8.7"
        }
      }
    },
    "elmPackages.elm-optimize-level-2@latest": {
      "last_modified": "2025-02-23T09:42:26Z",
      "resolved": "github:NixOS/nixpkgs/2d068ae5c6516b2d04562de50a58c682540de9bf#elmPackages.elm-optimize-level-2",
      "source": "devbox-search",
      "version": "2-0.3.5",
      "systems": {
        "aarch64-darwin": {
          "outputs": [
            {
              "name": "out",
              "path": "/nix/store/737lnc8dqva0pfa9wdpgx9akz4z2pw4p-elm-optimize-level-2-0.3.5",
              "default": true
            }
          ],
          "store_path": "/nix/store/737lnc8dqva0pfa9wdpgx9akz4z2pw4p-elm-optimize-level-2-0.3.5"
        },
        "aarch64-linux": {
          "outputs": [
            {
              "name": "out",
              "path": "/nix/store/zj3k1d7hgk5lzbf7ybwchmd3kqcph895-elm-optimize-level-2-0.3.5",
              "default": true
            }
          ],
          "store_path": "/nix/store/zj3k1d7hgk5lzbf7ybwchmd3kqcph895-elm-optimize-level-2-0.3.5"
        },
        "x86_64-darwin": {
          "outputs": [
            {
              "name": "out",
              "path": "/nix/store/ipymac3nxsvz87n3j88nz5a98lrw7m3m-elm-optimize-level-2-0.3.5",
              "default": true
            }
          ],
          "store_path": "/nix/store/ipymac3nxsvz87n3j88nz5a98lrw7m3m-elm-optimize-level-2-0.3.5"
        },
        "x86_64-linux": {
          "outputs": [
            {
              "name": "out",
              "path": "/nix/store/wggci1flsim932klcll6qb5jkzvllr4q-elm-optimize-level-2-0.3.5",
              "default": true
            }
          ],
          "store_path": "/nix/store/wggci1flsim932klcll6qb5jkzvllr4q-elm-optimize-level-2-0.3.5"
        }
      }
    },
    "elmPackages.elm@latest": {
      "last_modified": "2025-02-23T09:42:26Z",
      "resolved": "github:NixOS/nixpkgs/2d068ae5c6516b2d04562de50a58c682540de9bf#elmPackages.elm",
      "source": "devbox-search",
      "version": "0.19.1",
      "systems": {
        "aarch64-darwin": {
          "outputs": [
            {
              "name": "out",
              "path": "/nix/store/ggxz5bx3d06x1v6g0cm9rbg28s9ia0gg-elm-0.19.1",
              "default": true
            },
            {
              "name": "doc",
              "path": "/nix/store/b318hspkialj493s43q9l5lzki3wjhyq-elm-0.19.1-doc"
            }
          ],
          "store_path": "/nix/store/ggxz5bx3d06x1v6g0cm9rbg28s9ia0gg-elm-0.19.1"
        },
        "aarch64-linux": {
          "outputs": [
            {
              "name": "out",
              "path": "/nix/store/98xsf9h2al9j2vbn62h8rqz81y34pama-elm-0.19.1",
              "default": true
            },
            {
              "name": "doc",
              "path": "/nix/store/lip7jz53qyd44wgf2z1wvgbqmkvqrpfh-elm-0.19.1-doc"
            }
          ],
          "store_path": "/nix/store/98xsf9h2al9j2vbn62h8rqz81y34pama-elm-0.19.1"
        },
        "x86_64-darwin": {
          "outputs": [
            {
              "name": "out",
              "path": "/nix/store/f64x02r734q4c2rdhiizkb890wb211vr-elm-0.19.1",
              "default": true
            },
            {
              "name": "doc",
              "path": "/nix/store/12mdlpkym3xnh6p3ridbn4fmi6galxwr-elm-0.19.1-doc"
            }
          ],
          "store_path": "/nix/store/f64x02r734q4c2rdhiizkb890wb211vr-elm-0.19.1"
        },
        "x86_64-linux": {
          "outputs": [
            {
              "name": "out",
              "path": "/nix/store/glg3biax75vxrs87l5jjc6bmgdh265nj-elm-0.19.1",
              "default": true
            },
            {
              "name": "doc",
              "path": "/nix/store/25qks81279h2ggsq284i6xgfv1blmafz-elm-0.19.1-doc"
            }
          ],
          "store_path": "/nix/store/glg3biax75vxrs87l5jjc6bmgdh265nj-elm-0.19.1"
        }
      }
    },
    "terser@latest": {
      "last_modified": "2025-03-07T01:26:00Z",
      "resolved": "github:NixOS/nixpkgs/de0fe301211c267807afd11b12613f5511ff7433#terser",
      "source": "devbox-search",
      "version": "5.38.0",
      "systems": {
        "aarch64-darwin": {
          "outputs": [
            {
              "name": "out",
              "path": "/nix/store/n41p1lyy1ap932mm42bfxm39f4jgkh63-terser-5.38.0",
              "default": true
            }
          ],
          "store_path": "/nix/store/n41p1lyy1ap932mm42bfxm39f4jgkh63-terser-5.38.0"
        },
        "aarch64-linux": {
          "outputs": [
            {
              "name": "out",
              "path": "/nix/store/8v9032v8llkcg9k0rxdy23kqs76zhbr1-terser-5.38.0",
              "default": true
            }
          ],
          "store_path": "/nix/store/8v9032v8llkcg9k0rxdy23kqs76zhbr1-terser-5.38.0"
        },
        "x86_64-darwin": {
          "outputs": [
            {
              "name": "out",
              "path": "/nix/store/i8myvwh2b0990sz81isnvwq5w29bz2q9-terser-5.38.0",
              "default": true
            }
          ],
          "store_path": "/nix/store/i8myvwh2b0990sz81isnvwq5w29bz2q9-terser-5.38.0"
        },
        "x86_64-linux": {
          "outputs": [
            {
              "name": "out",
              "path": "/nix/store/5cyiw9vqnzw33vapzx5la4d84z2wjq7x-terser-5.38.0",
              "default": true
            }
          ],
          "store_path": "/nix/store/5cyiw9vqnzw33vapzx5la4d84z2wjq7x-terser-5.38.0"
        }
      }
    }
  }
}
